
Microsoft Visual Studio Solution File, Format Version 12.00
# Visual Studio Version 16
VisualStudioVersion = 16.0.35325.158
MinimumVisualStudioVersion = 10.0.40219.1
Project("{8BC9CEB8-8B4A-11D0-8D11-00A0C91BC942}") = "App", "Str_App\Str_App.vcxproj", "{0F959CFC-8557-4B4E-B02F-BAB749759EC1}"
EndProject
Project("{8BC9CEB8-8B4A-11D0-8D11-00A0C91BC942}") = "LibDir", "TextOperations\TextOperations.vcxproj", "{9284684C-8EDF-406F-8172-5935D7A78BF8}"
EndProject
Project("{2150E333-8FDC-42A3-9474-1A3956D46DE8}") = "Solution Items", "Solution Items", "{31EAE554-8509-4E26-B1EA-C85AEBAB6CC4}"
	ProjectSection(SolutionItems) = preProject
		CMakeLists.txt = CMakeLists.txt
	EndProjectSection
EndProject
Global
	GlobalSection(SolutionConfigurationPlatforms) = preSolution
		Debug|x64 = Debug|x64
		Debug|x86 = Debug|x86
		Release|x64 = Release|x64
		Release|x86 = Release|x86
	EndGlobalSection
	GlobalSection(ProjectConfigurationPlatforms) = postSolution
		{0F959CFC-8557-4B4E-B02F-BAB749759EC1}.Debug|x64.ActiveCfg = Debug|x64
		{0F959CFC-8557-4B4E-B02F-BAB749759EC1}.Debug|x64.Build.0 = Debug|x64
		{0F959CFC-8557-4B4E-B02F-BAB749759EC1}.Debug|x86.ActiveCfg = Debug|Win32
		{0F959CFC-8557-4B4E-B02F-BAB749759EC1}.Debug|x86.Build.0 = Debug|Win32
		{0F959CFC-8557-4B4E-B02F-BAB749759EC1}.Release|x64.ActiveCfg = Release|x64
		{0F959CFC-8557-4B4E-B02F-BAB749759EC1}.Release|x64.Build.0 = Release|x64
		{0F959CFC-8557-4B4E-B02F-BAB749759EC1}.Release|x86.ActiveCfg = Release|Win32
		{0F959CFC-8557-4B4E-B02F-BAB749759EC1}.Release|x86.Build.0 = Release|Win32
		{9284684C-8EDF-406F-8172-5935D7A78BF8}.Debug|x64.ActiveCfg = Debug|x64
		{9284684C-8EDF-406F-8172-5935D7A78BF8}.Debug|x64.Build.0 = Debug|x64
		{9284684C-8EDF-406F-8172-5935D7A78BF8}.Debug|x86.ActiveCfg = Debug|Win32
		{9284684C-8EDF-406F-8172-5935D7A78BF8}.Debug|x86.Build.0 = Debug|Win32
		{9284684C-8EDF-406F-8172-5935D7A78BF8}.Release|x64.ActiveCfg = Release|x64
		{9284684C-8EDF-406F-8172-5935D7A78BF8}.Release|x64.Build.0 = Release|x64
		{9284684C-8EDF-406F-8172-5935D7A78BF8}.Release|x86.ActiveCfg = Release|Win32
		{9284684C-8EDF-406F-8172-5935D7A78BF8}.Release|x86.Build.0 = Release|Win32
	EndGlobalSection
	GlobalSection(SolutionProperties) = preSolution
		HideSolutionNode = FALSE
	EndGlobalSection
	GlobalSection(ExtensibilityGlobals) = postSolution
		SolutionGuid = {79375816-8F76-4EB7-B1A4-2AE237F5F412}
	EndGlobalSection
EndGlobal
